
Microsoft Visual Studio Solution File, Format Version 12.00
# Visual Studio 2012
Project("{FAE04EC0-301F-11D3-BF4B-00C04F79EFBC}") = "Presentacion", "Asada\Presentacion.csproj", "{B7BBDB62-DF6B-46BE-B1EA-6560ABFBB50E}"
EndProject
Project("{FAE04EC0-301F-11D3-BF4B-00C04F79EFBC}") = "Logica", "Logica\Logica.csproj", "{CC2E7990-17F1-4349-BE53-E5C5B86E4A55}"
EndProject
Project("{FAE04EC0-301F-11D3-BF4B-00C04F79EFBC}") = "Datos", "Datos\Datos.csproj", "{B9E09115-1EA3-43C1-AB2E-0493547373F0}"
EndProject
Project("{FAE04EC0-301F-11D3-BF4B-00C04F79EFBC}") = "Pruebas", "Pruebas\Pruebas.csproj", "{F8CF1097-27EE-4762-9B3F-4DBBA6A70DF0}"
EndProject
Global
	GlobalSection(SolutionConfigurationPlatforms) = preSolution
		Debug|Any CPU = Debug|Any CPU
		Release|Any CPU = Release|Any CPU
	EndGlobalSection
	GlobalSection(ProjectConfigurationPlatforms) = postSolution
		{B7BBDB62-DF6B-46BE-B1EA-6560ABFBB50E}.Debug|Any CPU.ActiveCfg = Debug|Any CPU
		{B7BBDB62-DF6B-46BE-B1EA-6560ABFBB50E}.Debug|Any CPU.Build.0 = Debug|Any CPU
		{B7BBDB62-DF6B-46BE-B1EA-6560ABFBB50E}.Release|Any CPU.ActiveCfg = Release|Any CPU
		{B7BBDB62-DF6B-46BE-B1EA-6560ABFBB50E}.Release|Any CPU.Build.0 = Release|Any CPU
		{CC2E7990-17F1-4349-BE53-E5C5B86E4A55}.Debug|Any CPU.ActiveCfg = Debug|Any CPU
		{CC2E7990-17F1-4349-BE53-E5C5B86E4A55}.Debug|Any CPU.Build.0 = Debug|Any CPU
		{CC2E7990-17F1-4349-BE53-E5C5B86E4A55}.Release|Any CPU.ActiveCfg = Release|Any CPU
		{CC2E7990-17F1-4349-BE53-E5C5B86E4A55}.Release|Any CPU.Build.0 = Release|Any CPU
		{B9E09115-1EA3-43C1-AB2E-0493547373F0}.Debug|Any CPU.ActiveCfg = Debug|Any CPU
		{B9E09115-1EA3-43C1-AB2E-0493547373F0}.Debug|Any CPU.Build.0 = Debug|Any CPU
		{B9E09115-1EA3-43C1-AB2E-0493547373F0}.Release|Any CPU.ActiveCfg = Release|Any CPU
		{B9E09115-1EA3-43C1-AB2E-0493547373F0}.Release|Any CPU.Build.0 = Release|Any CPU
		{F8CF1097-27EE-4762-9B3F-4DBBA6A70DF0}.Debug|Any CPU.ActiveCfg = Debug|Any CPU
		{F8CF1097-27EE-4762-9B3F-4DBBA6A70DF0}.Debug|Any CPU.Build.0 = Debug|Any CPU
		{F8CF1097-27EE-4762-9B3F-4DBBA6A70DF0}.Release|Any CPU.ActiveCfg = Release|Any CPU
		{F8CF1097-27EE-4762-9B3F-4DBBA6A70DF0}.Release|Any CPU.Build.0 = Release|Any CPU
	EndGlobalSection
	GlobalSection(SolutionProperties) = preSolution
		HideSolutionNode = FALSE
	EndGlobalSection
EndGlobal
